{
  "name": "createcustomersdk",
  "version": "1.0.0",
  "lockfileVersion": 3,
  "requires": true,
  "packages": {
    "": {
      "name": "createcustomersdk",
      "version": "1.0.0",
      "license": "ISC",
      "dependencies": {
        "@tactful/erp-sdk-typescript": "^3.8.0",
        "@types/config": "^3.3.0",
        "config": "^3.3.9"
      }
    },
    "node_modules/@tactful/erp-sdk-typescript": {
      "version": "3.8.0",
      "resolved": "https://tactful-409160330780.d.codeartifact.eu-west-1.amazonaws.com/npm/ucx-repo/@tactful/erp-sdk-typescript/-/erp-sdk-typescript-3.8.0.tgz",
      "integrity": "sha512-D2kM+US1IYVYlJ2bPp4xOeSvAB0VhUaPKtIR9ZBVpwxZUCCFStmfu83FkKEv0mEVbTvY6xmACGEdvdyg6D3Xtw==",
      "dependencies": {
        "axios": "~0.18.1",
        "moment": "~2.27.0",
        "moment-range": "~4.0.2",
        "node-fetch": "^2.6.1",
        "portable-fetch": "~3.0.0"
      }
    },
    "node_modules/@types/config": {
      "version": "3.3.0",
      "resolved": "https://tactful-409160330780.d.codeartifact.eu-west-1.amazonaws.com/npm/ucx-repo/@types/config/-/config-3.3.0.tgz",
      "integrity": "sha512-9kZSbl3/X3TVNowLCu5HFQdQmD+4287Om55avknEYkuo6R2dDrsp/EXEHUFvfYeG7m1eJ0WYGj+cbcUIhARJAQ=="
    },
    "node_modules/axios": {
      "version": "0.18.1",
      "resolved": "https://tactful-409160330780.d.codeartifact.eu-west-1.amazonaws.com/npm/ucx-repo/axios/-/axios-0.18.1.tgz",
      "integrity": "sha512-0BfJq4NSfQXd+SkFdrvFbG7addhYSBA2mQwISr46pD6E5iqkWg02RAs8vyTT/j0RTnoYmeXauBuSv1qKwR179g==",
      "deprecated": "Critical security vulnerability fixed in v0.21.1. For more information, see https://github.com/axios/axios/pull/3410",
      "dependencies": {
        "follow-redirects": "1.5.10",
        "is-buffer": "^2.0.2"
      }
    },
    "node_modules/config": {
      "version": "3.3.9",
      "resolved": "https://tactful-409160330780.d.codeartifact.eu-west-1.amazonaws.com/npm/ucx-repo/config/-/config-3.3.9.tgz",
      "integrity": "sha512-G17nfe+cY7kR0wVpc49NCYvNtelm/pPy8czHoFkAgtV1lkmcp7DHtWCdDu+C9Z7gb2WVqa9Tm3uF9aKaPbCfhg==",
      "dependencies": {
        "json5": "^2.2.3"
      },
      "engines": {
        "node": ">= 10.0.0"
      }
    },
    "node_modules/d": {
      "version": "1.0.1",
      "resolved": "https://tactful-409160330780.d.codeartifact.eu-west-1.amazonaws.com/npm/ucx-repo/d/-/d-1.0.1.tgz",
      "integrity": "sha512-m62ShEObQ39CfralilEQRjH6oAMtNCV1xJyEx5LpRYUVN+EviphDgUc/F3hnYbADmkiNs67Y+3ylmlG7Lnu+FA==",
      "dependencies": {
        "es5-ext": "^0.10.50",
        "type": "^1.0.1"
      }
    },
    "node_modules/debug": {
      "version": "3.1.0",
      "resolved": "https://tactful-409160330780.d.codeartifact.eu-west-1.amazonaws.com/npm/ucx-repo/debug/-/debug-3.1.0.tgz",
      "integrity": "sha512-OX8XqP7/1a9cqkxYw2yXss15f26NKWBpDXQd0/uK/KPqdQhxbPa994hnzjcE2VqQpDslf55723cKPUOGSmMY3g==",
      "dependencies": {
        "ms": "2.0.0"
      }
    },
    "node_modules/encoding": {
      "version": "0.1.13",
      "resolved": "https://tactful-409160330780.d.codeartifact.eu-west-1.amazonaws.com/npm/ucx-repo/encoding/-/encoding-0.1.13.tgz",
      "integrity": "sha512-ETBauow1T35Y/WZMkio9jiM0Z5xjHHmJ4XmjZOq1l/dXz3lr2sRn87nJy20RupqSh1F2m3HHPSp8ShIPQJrJ3A==",
      "dependencies": {
        "iconv-lite": "^0.6.2"
      }
    },
    "node_modules/es5-ext": {
      "version": "0.10.62",
      "resolved": "https://tactful-409160330780.d.codeartifact.eu-west-1.amazonaws.com/npm/ucx-repo/es5-ext/-/es5-ext-0.10.62.tgz",
      "integrity": "sha512-BHLqn0klhEpnOKSrzn/Xsz2UIW8j+cGmo9JLzr8BiUapV8hPL9+FliFqjwr9ngW7jWdnxv6eO+/LqyhJVqgrjA==",
      "hasInstallScript": true,
      "dependencies": {
        "es6-iterator": "^2.0.3",
        "es6-symbol": "^3.1.3",
        "next-tick": "^1.1.0"
      },
      "engines": {
        "node": ">=0.10"
      }
    },
    "node_modules/es6-iterator": {
      "version": "2.0.3",
      "resolved": "https://tactful-409160330780.d.codeartifact.eu-west-1.amazonaws.com/npm/ucx-repo/es6-iterator/-/es6-iterator-2.0.3.tgz",
      "integrity": "sha512-zw4SRzoUkd+cl+ZoE15A9o1oQd920Bb0iOJMQkQhl3jNc03YqVjAhG7scf9C5KWRU/R13Orf588uCC6525o02g==",
      "dependencies": {
        "d": "1",
        "es5-ext": "^0.10.35",
        "es6-symbol": "^3.1.1"
      }
    },
    "node_modules/es6-symbol": {
      "version": "3.1.3",
      "resolved": "https://tactful-409160330780.d.codeartifact.eu-west-1.amazonaws.com/npm/ucx-repo/es6-symbol/-/es6-symbol-3.1.3.tgz",
      "integrity": "sha512-NJ6Yn3FuDinBaBRWl/q5X/s4koRHBrgKAu+yGI6JCBeiu3qrcbJhwT2GeR/EXVfylRk8dpQVJoLEFhK+Mu31NA==",
      "dependencies": {
        "d": "^1.0.1",
        "ext": "^1.1.2"
      }
    },
    "node_modules/ext": {
      "version": "1.7.0",
      "resolved": "https://tactful-409160330780.d.codeartifact.eu-west-1.amazonaws.com/npm/ucx-repo/ext/-/ext-1.7.0.tgz",
      "integrity": "sha512-6hxeJYaL110a9b5TEJSj0gojyHQAmA2ch5Os+ySCiA1QGdS697XWY1pzsrSjqA9LDEEgdB/KypIlR59RcLuHYw==",
      "dependencies": {
        "type": "^2.7.2"
      }
    },
    "node_modules/ext/node_modules/type": {
      "version": "2.7.2",
      "resolved": "https://tactful-409160330780.d.codeartifact.eu-west-1.amazonaws.com/npm/ucx-repo/type/-/type-2.7.2.tgz",
      "integrity": "sha512-dzlvlNlt6AXU7EBSfpAscydQ7gXB+pPGsPnfJnZpiNJBDj7IaJzQlBZYGdEi4R9HmPdBv2XmWJ6YUtoTa7lmCw=="
    },
    "node_modules/follow-redirects": {
      "version": "1.5.10",
      "resolved": "https://tactful-409160330780.d.codeartifact.eu-west-1.amazonaws.com/npm/ucx-repo/follow-redirects/-/follow-redirects-1.5.10.tgz",
      "integrity": "sha512-0V5l4Cizzvqt5D44aTXbFZz+FtyXV1vrDN6qrelxtfYQKW0KO0W2T/hkE8xvGa/540LkZlkaUjO4ailYTFtHVQ==",
      "dependencies": {
        "debug": "=3.1.0"
      },
      "engines": {
        "node": ">=4.0"
      }
    },
    "node_modules/iconv-lite": {
      "version": "0.6.3",
      "resolved": "https://tactful-409160330780.d.codeartifact.eu-west-1.amazonaws.com/npm/ucx-repo/iconv-lite/-/iconv-lite-0.6.3.tgz",
      "integrity": "sha512-4fCk79wshMdzMp2rH06qWrJE4iolqLhCUH+OiuIgU++RB0+94NlDL81atO7GX55uUKueo0txHNtvEyI6D7WdMw==",
      "dependencies": {
        "safer-buffer": ">= 2.1.2 < 3.0.0"
      },
      "engines": {
        "node": ">=0.10.0"
      }
    },
    "node_modules/is-buffer": {
      "version": "2.0.5",
      "resolved": "https://tactful-409160330780.d.codeartifact.eu-west-1.amazonaws.com/npm/ucx-repo/is-buffer/-/is-buffer-2.0.5.tgz",
      "integrity": "sha512-i2R6zNFDwgEHJyQUtJEk0XFi1i0dPFn/oqjK3/vPCcDeJvW5NQ83V8QbicfF1SupOaB0h8ntgBC2YiE7dfyctQ==",
      "funding": [
        {
          "type": "github",
          "url": "https://github.com/sponsors/feross"
        },
        {
          "type": "patreon",
          "url": "https://www.patreon.com/feross"
        },
        {
          "type": "consulting",
          "url": "https://feross.org/support"
        }
      ],
      "engines": {
        "node": ">=4"
      }
    },
    "node_modules/is-stream": {
      "version": "1.1.0",
      "resolved": "https://tactful-409160330780.d.codeartifact.eu-west-1.amazonaws.com/npm/ucx-repo/is-stream/-/is-stream-1.1.0.tgz",
      "integrity": "sha512-uQPm8kcs47jx38atAcWTVxyltQYoPT68y9aWYdV6yWXSyW8mzSat0TL6CiWdZeCdF3KrAvpVtnHbTv4RN+rqdQ==",
      "engines": {
        "node": ">=0.10.0"
      }
    },
    "node_modules/json5": {
      "version": "2.2.3",
      "resolved": "https://tactful-409160330780.d.codeartifact.eu-west-1.amazonaws.com/npm/ucx-repo/json5/-/json5-2.2.3.tgz",
      "integrity": "sha512-XmOWe7eyHYH14cLdVPoyg+GOH3rYX++KpzrylJwSW98t3Nk+U8XOl8FWKOgwtzdb8lXGf6zYwDUzeHMWfxasyg==",
      "bin": {
        "json5": "lib/cli.js"
      },
      "engines": {
        "node": ">=6"
      }
    },
    "node_modules/moment": {
      "version": "2.27.0",
      "resolved": "https://tactful-409160330780.d.codeartifact.eu-west-1.amazonaws.com/npm/ucx-repo/moment/-/moment-2.27.0.tgz",
      "integrity": "sha512-al0MUK7cpIcglMv3YF13qSgdAIqxHTO7brRtaz3DlSULbqfazqkc5kEjNrLDOM7fsjshoFIihnU8snrP7zUvhQ==",
      "engines": {
        "node": "*"
      }
    },
    "node_modules/moment-range": {
      "version": "4.0.2",
      "resolved": "https://tactful-409160330780.d.codeartifact.eu-west-1.amazonaws.com/npm/ucx-repo/moment-range/-/moment-range-4.0.2.tgz",
      "integrity": "sha512-n8sceWwSTjmz++nFHzeNEUsYtDqjgXgcOBzsHi+BoXQU2FW+eU92LUaK8gqOiSu5PG57Q9sYj1Fz4LRDj4FtKA==",
      "dependencies": {
        "es6-symbol": "^3.1.0"
      },
      "engines": {
        "node": "*"
      },
      "peerDependencies": {
        "moment": ">= 2"
      }
    },
    "node_modules/ms": {
      "version": "2.0.0",
      "resolved": "https://tactful-409160330780.d.codeartifact.eu-west-1.amazonaws.com/npm/ucx-repo/ms/-/ms-2.0.0.tgz",
      "integrity": "sha512-Tpp60P6IUJDTuOq/5Z8cdskzJujfwqfOTkrwIwj7IRISpnkJnT6SyJ4PCPnGMoFjC9ddhal5KVIYtAt97ix05A=="
    },
    "node_modules/next-tick": {
      "version": "1.1.0",
      "resolved": "https://tactful-409160330780.d.codeartifact.eu-west-1.amazonaws.com/npm/ucx-repo/next-tick/-/next-tick-1.1.0.tgz",
      "integrity": "sha512-CXdUiJembsNjuToQvxayPZF9Vqht7hewsvy2sOWafLvi2awflj9mOC6bHIg50orX8IJvWKY9wYQ/zB2kogPslQ=="
    },
    "node_modules/node-fetch": {
      "version": "2.6.12",
      "resolved": "https://tactful-409160330780.d.codeartifact.eu-west-1.amazonaws.com/npm/ucx-repo/node-fetch/-/node-fetch-2.6.12.tgz",
      "integrity": "sha512-C/fGU2E8ToujUivIO0H+tpQ6HWo4eEmchoPIoXtxCrVghxdKq+QOHqEZW7tuP3KlV3bC8FRMO5nMCC7Zm1VP6g==",
      "dependencies": {
        "whatwg-url": "^5.0.0"
      },
      "engines": {
        "node": "4.x || >=6.0.0"
      },
      "peerDependencies": {
        "encoding": "^0.1.0"
      },
      "peerDependenciesMeta": {
        "encoding": {
          "optional": true
        }
      }
    },
    "node_modules/portable-fetch": {
      "version": "3.0.0",
      "resolved": "https://tactful-409160330780.d.codeartifact.eu-west-1.amazonaws.com/npm/ucx-repo/portable-fetch/-/portable-fetch-3.0.0.tgz",
      "integrity": "sha512-2Gl204JKeJSFH3sIboK4iMPPaZI223xfBMHfQMcULTwySt2skWEd5OnYhtciPtHoxGzyaNLkGCalNfivCKxhQQ==",
      "dependencies": {
        "node-fetch": "^1.0.1",
        "whatwg-fetch": ">=0.10.0"
      }
    },
    "node_modules/portable-fetch/node_modules/node-fetch": {
      "version": "1.7.3",
      "resolved": "https://tactful-409160330780.d.codeartifact.eu-west-1.amazonaws.com/npm/ucx-repo/node-fetch/-/node-fetch-1.7.3.tgz",
      "integrity": "sha512-NhZ4CsKx7cYm2vSrBAr2PvFOe6sWDf0UYLRqA6svUYg7+/TSfVAu49jYC4BvQ4Sms9SZgdqGBgroqfDhJdTyKQ==",
      "dependencies": {
        "encoding": "^0.1.11",
        "is-stream": "^1.0.1"
      }
    },
    "node_modules/safer-buffer": {
      "version": "2.1.2",
      "resolved": "https://tactful-409160330780.d.codeartifact.eu-west-1.amazonaws.com/npm/ucx-repo/safer-buffer/-/safer-buffer-2.1.2.tgz",
      "integrity": "sha512-YZo3K82SD7Riyi0E1EQPojLz7kpepnSQI9IyPbHHg1XXXevb5dJI7tpyN2ADxGcQbHG7vcyRHk0cbwqcQriUtg=="
    },
    "node_modules/tr46": {
      "version": "0.0.3",
      "resolved": "https://tactful-409160330780.d.codeartifact.eu-west-1.amazonaws.com/npm/ucx-repo/tr46/-/tr46-0.0.3.tgz",
      "integrity": "sha512-N3WMsuqV66lT30CrXNbEjx4GEwlow3v6rr4mCcv6prnfwhS01rkgyFdjPNBYd9br7LpXV1+Emh01fHnq2Gdgrw=="
    },
    "node_modules/type": {
      "version": "1.2.0",
      "resolved": "https://tactful-409160330780.d.codeartifact.eu-west-1.amazonaws.com/npm/ucx-repo/type/-/type-1.2.0.tgz",
      "integrity": "sha512-+5nt5AAniqsCnu2cEQQdpzCAh33kVx8n0VoFidKpB1dVVLAN/F+bgVOqOJqOnEnrhp222clB5p3vUlD+1QAnfg=="
    },
    "node_modules/webidl-conversions": {
      "version": "3.0.1",
      "resolved": "https://tactful-409160330780.d.codeartifact.eu-west-1.amazonaws.com/npm/ucx-repo/webidl-conversions/-/webidl-conversions-3.0.1.tgz",
      "integrity": "sha1-JFNCdeKnvGvnvIZhHMFq4KVlSHE="
    },
    "node_modules/whatwg-fetch": {
      "version": "3.6.17",
      "resolved": "https://tactful-409160330780.d.codeartifact.eu-west-1.amazonaws.com/npm/ucx-repo/whatwg-fetch/-/whatwg-fetch-3.6.17.tgz",
      "integrity": "sha512-c4ghIvG6th0eudYwKZY5keb81wtFz9/WeAHAoy8+r18kcWlitUIrmGFQ2rWEl4UCKUilD3zCLHOIPheHx5ypRQ=="
    },
    "node_modules/whatwg-url": {
      "version": "5.0.0",
      "resolved": "https://tactful-409160330780.d.codeartifact.eu-west-1.amazonaws.com/npm/ucx-repo/whatwg-url/-/whatwg-url-5.0.0.tgz",
      "integrity": "sha1-lmRU6HZUYuN2RNNib2dCzotwll0=",
      "dependencies": {
        "tr46": "~0.0.3",
        "webidl-conversions": "^3.0.0"
      }
    }
  }
}
